{
  "nodes": {
    "chain-master": {
      "inputs": {
        "flakeNimbleLib": [
          "flakeNimbleLib"
        ],
        "nixpkgs": [
          "nixpkgs"
        ],
        "src-chain-master": "src-chain-master"
      },
      "locked": {
        "dir": "master",
        "lastModified": 1667322191,
        "narHash": "sha256-h3byWRG8tXHkhIGSRprU1dC7FpkvsIr3d6TO/bSFOIs=",
        "owner": "nim-nix-pkgs",
        "repo": "chain",
        "rev": "649e98fe6bf79e44c444fb57f217d05ef3c90c2d",
        "type": "github"
      },
      "original": {
        "dir": "master",
        "owner": "nim-nix-pkgs",
        "ref": "master",
        "repo": "chain",
        "type": "github"
      }
    },
    "flakeNimbleLib": {
      "inputs": {
        "nixpkgs": [
          "nixpkgs"
        ]
      },
      "locked": {
        "lastModified": 1662018438,
        "narHash": "sha256-QtNtU6+LX3Wokxf0zlFwKTFOcn6TeDjKQZ+DA9OYtvM=",
        "owner": "riinr",
        "repo": "nim-flakes-lib",
        "rev": "b1fe8340736e3a85d25c709ac3dfd82a55c03cbf",
        "type": "github"
      },
      "original": {
        "owner": "riinr",
        "ref": "master",
        "repo": "nim-flakes-lib",
        "type": "github"
      }
    },
    "nixpkgs": {
      "locked": {
        "lastModified": 1667199707,
        "narHash": "sha256-I2Js3Y7gUyVSEXPULHlBoRek4Lh85vnevdS6mdvDNLI=",
        "owner": "NixOS",
        "repo": "nixpkgs",
        "rev": "ced197be72099edcfa68ebed8b87af7b04851f45",
        "type": "github"
      },
      "original": {
        "id": "nixpkgs",
        "type": "indirect"
      }
    },
    "root": {
      "inputs": {
        "chain-master": "chain-master",
        "flakeNimbleLib": "flakeNimbleLib",
        "nixpkgs": "nixpkgs"
      }
    },
    "src-chain-master": {
      "flake": false,
      "locked": {
        "lastModified": 1624562199,
        "narHash": "sha256-iLZHpXbU9cJmbo5W+RMNmsyTGAaO8QjQ9k/3NZwc234=",
        "owner": "khchen",
        "repo": "chain",
        "rev": "09bfc377c8294c9bb3ddd1e14f61746bcd5da739",
        "type": "github"
      },
      "original": {
        "owner": "khchen",
        "ref": "refs/heads/master",
        "repo": "chain",
        "type": "github"
      }
    }
  },
  "root": "root",
  "version": 7
}
